
Microsoft Visual Studio Solution File, Format Version 12.00
# Visual Studio Version 17
VisualStudioVersion = 17.0.32014.148
MinimumVisualStudioVersion = 10.0.40219.1
Project("{9A19103F-16F7-4668-BE54-9A1E7A4F7556}") = "TrainingConsole", "Console\TrainingConsole.csproj", "{0D767680-7956-4EDC-B425-00DCDD863250}"
EndProject
Project("{9A19103F-16F7-4668-BE54-9A1E7A4F7556}") = "TrainingLibrary", "TrainingLibrary\TrainingLibrary.csproj", "{86231AA2-3F1F-4F04-AAE5-8D0496BC5675}"
EndProject
Project("{9A19103F-16F7-4668-BE54-9A1E7A4F7556}") = "TrainingORM", "TrainingORM\TrainingORM.csproj", "{13B30531-6E37-457F-A086-25470B2B9982}"
EndProject
Project("{00D1A9C2-B5F0-4AF3-8072-F6C62B433612}") = "TrainingDatabase", "TrainingDatabase\TrainingDatabase.sqlproj", "{97CE1FFE-1396-4E56-B1E2-6EBB26885498}"
EndProject
Project("{2150E333-8FDC-42A3-9474-1A3956D46DE8}") = "Server", "Server", "{28C13CCC-E278-4D0F-A4DC-D287329A67B5}"
EndProject
Project("{2150E333-8FDC-42A3-9474-1A3956D46DE8}") = "Infra", "Infra", "{6F379464-E281-4287-85C8-F1CD7AC56D0C}"
EndProject
Project("{2150E333-8FDC-42A3-9474-1A3956D46DE8}") = "Distribution", "Distribution", "{56AF770A-028A-4D7C-823E-42D972046191}"
EndProject
Project("{FAE04EC0-301F-11D3-BF4B-00C04F79EFBC}") = "TrainingAPI", "TrainingAPI\TrainingAPI.csproj", "{A51619E1-8E7C-41CF-8FAD-C8B4C005F578}"
EndProject
Global
	GlobalSection(SolutionConfigurationPlatforms) = preSolution
		Debug|Any CPU = Debug|Any CPU
		Release|Any CPU = Release|Any CPU
	EndGlobalSection
	GlobalSection(ProjectConfigurationPlatforms) = postSolution
		{0D767680-7956-4EDC-B425-00DCDD863250}.Debug|Any CPU.ActiveCfg = Debug|Any CPU
		{0D767680-7956-4EDC-B425-00DCDD863250}.Debug|Any CPU.Build.0 = Debug|Any CPU
		{0D767680-7956-4EDC-B425-00DCDD863250}.Release|Any CPU.ActiveCfg = Release|Any CPU
		{0D767680-7956-4EDC-B425-00DCDD863250}.Release|Any CPU.Build.0 = Release|Any CPU
		{86231AA2-3F1F-4F04-AAE5-8D0496BC5675}.Debug|Any CPU.ActiveCfg = Debug|Any CPU
		{86231AA2-3F1F-4F04-AAE5-8D0496BC5675}.Debug|Any CPU.Build.0 = Debug|Any CPU
		{86231AA2-3F1F-4F04-AAE5-8D0496BC5675}.Release|Any CPU.ActiveCfg = Release|Any CPU
		{86231AA2-3F1F-4F04-AAE5-8D0496BC5675}.Release|Any CPU.Build.0 = Release|Any CPU
		{13B30531-6E37-457F-A086-25470B2B9982}.Debug|Any CPU.ActiveCfg = Debug|Any CPU
		{13B30531-6E37-457F-A086-25470B2B9982}.Debug|Any CPU.Build.0 = Debug|Any CPU
		{13B30531-6E37-457F-A086-25470B2B9982}.Release|Any CPU.ActiveCfg = Release|Any CPU
		{13B30531-6E37-457F-A086-25470B2B9982}.Release|Any CPU.Build.0 = Release|Any CPU
		{97CE1FFE-1396-4E56-B1E2-6EBB26885498}.Debug|Any CPU.ActiveCfg = Debug|Any CPU
		{97CE1FFE-1396-4E56-B1E2-6EBB26885498}.Debug|Any CPU.Build.0 = Debug|Any CPU
		{97CE1FFE-1396-4E56-B1E2-6EBB26885498}.Debug|Any CPU.Deploy.0 = Debug|Any CPU
		{97CE1FFE-1396-4E56-B1E2-6EBB26885498}.Release|Any CPU.ActiveCfg = Release|Any CPU
		{97CE1FFE-1396-4E56-B1E2-6EBB26885498}.Release|Any CPU.Build.0 = Release|Any CPU
		{97CE1FFE-1396-4E56-B1E2-6EBB26885498}.Release|Any CPU.Deploy.0 = Release|Any CPU
		{A51619E1-8E7C-41CF-8FAD-C8B4C005F578}.Debug|Any CPU.ActiveCfg = Debug|Any CPU
		{A51619E1-8E7C-41CF-8FAD-C8B4C005F578}.Debug|Any CPU.Build.0 = Debug|Any CPU
		{A51619E1-8E7C-41CF-8FAD-C8B4C005F578}.Release|Any CPU.ActiveCfg = Release|Any CPU
		{A51619E1-8E7C-41CF-8FAD-C8B4C005F578}.Release|Any CPU.Build.0 = Release|Any CPU
	EndGlobalSection
	GlobalSection(SolutionProperties) = preSolution
		HideSolutionNode = FALSE
	EndGlobalSection
	GlobalSection(NestedProjects) = preSolution
		{86231AA2-3F1F-4F04-AAE5-8D0496BC5675} = {28C13CCC-E278-4D0F-A4DC-D287329A67B5}
		{13B30531-6E37-457F-A086-25470B2B9982} = {6F379464-E281-4287-85C8-F1CD7AC56D0C}
		{97CE1FFE-1396-4E56-B1E2-6EBB26885498} = {6F379464-E281-4287-85C8-F1CD7AC56D0C}
		{A51619E1-8E7C-41CF-8FAD-C8B4C005F578} = {56AF770A-028A-4D7C-823E-42D972046191}
	EndGlobalSection
	GlobalSection(ExtensibilityGlobals) = postSolution
		SolutionGuid = {1CD849D1-54A4-4561-9CE7-8F3234E3D6F9}
	EndGlobalSection
EndGlobal
